
Microsoft Visual Studio Solution File, Format Version 12.00
# Visual Studio 15
VisualStudioVersion = 15.0.33529.398
MinimumVisualStudioVersion = 10.0.40219.1
Project("{FAE04EC0-301F-11D3-BF4B-00C04F79EFBC}") = "LoveBeatServer", "LoveBeat\LoveBeatServer.csproj", "{F97CB275-96FC-408E-8C99-5DADBEE7D38D}"
EndProject
Global
	GlobalSection(SolutionConfigurationPlatforms) = preSolution
		Debug|Any CPU = Debug|Any CPU
		Release|Any CPU = Release|Any CPU
	EndGlobalSection
	GlobalSection(ProjectConfigurationPlatforms) = postSolution
		{F97CB275-96FC-408E-8C99-5DADBEE7D38D}.Debug|Any CPU.ActiveCfg = Debug|Any CPU
		{F97CB275-96FC-408E-8C99-5DADBEE7D38D}.Debug|Any CPU.Build.0 = Debug|Any CPU
		{F97CB275-96FC-408E-8C99-5DADBEE7D38D}.Release|Any CPU.ActiveCfg = Release|Any CPU
		{F97CB275-96FC-408E-8C99-5DADBEE7D38D}.Release|Any CPU.Build.0 = Release|Any CPU
	EndGlobalSection
	GlobalSection(SolutionProperties) = preSolution
		HideSolutionNode = FALSE
	EndGlobalSection
	GlobalSection(ExtensibilityGlobals) = postSolution
		SolutionGuid = {3997C2D9-F96C-42BB-A407-B5C90BFE0340}
	EndGlobalSection
EndGlobal
