
Microsoft Visual Studio Solution File, Format Version 12.00
Project("{FAE04EC0-301F-11D3-BF4B-00C04F79EFBC}") = "ConsoleApp1", "ConsoleApp1.csproj", "{BC035AA6-6166-4EE5-8EFE-BD885424BE40}"
EndProject
Project("{FAE04EC0-301F-11D3-BF4B-00C04F79EFBC}") = "TestProject1", "TestProject1\TestProject1.csproj", "{C1780EDC-FF35-458E-AD1B-AFB29090DC0C}"
EndProject
Global
	GlobalSection(SolutionConfigurationPlatforms) = preSolution
		Debug|Any CPU = Debug|Any CPU
		Release|Any CPU = Release|Any CPU
	EndGlobalSection
	GlobalSection(ProjectConfigurationPlatforms) = postSolution
		{BC035AA6-6166-4EE5-8EFE-BD885424BE40}.Debug|Any CPU.ActiveCfg = Debug|Any CPU
		{BC035AA6-6166-4EE5-8EFE-BD885424BE40}.Debug|Any CPU.Build.0 = Debug|Any CPU
		{BC035AA6-6166-4EE5-8EFE-BD885424BE40}.Release|Any CPU.ActiveCfg = Release|Any CPU
		{BC035AA6-6166-4EE5-8EFE-BD885424BE40}.Release|Any CPU.Build.0 = Release|Any CPU
		{C1780EDC-FF35-458E-AD1B-AFB29090DC0C}.Debug|Any CPU.ActiveCfg = Debug|Any CPU
		{C1780EDC-FF35-458E-AD1B-AFB29090DC0C}.Debug|Any CPU.Build.0 = Debug|Any CPU
		{C1780EDC-FF35-458E-AD1B-AFB29090DC0C}.Release|Any CPU.ActiveCfg = Release|Any CPU
		{C1780EDC-FF35-458E-AD1B-AFB29090DC0C}.Release|Any CPU.Build.0 = Release|Any CPU
	EndGlobalSection
EndGlobal
