
Microsoft Visual Studio Solution File, Format Version 12.00
# Visual Studio Version 17
VisualStudioVersion = 17.3.32929.385
MinimumVisualStudioVersion = 10.0.40219.1
Project("{8BC9CEB8-8B4A-11D0-8D11-00A0C91BC942}") = "GameServer", "GameServer\GameServer.vcxproj", "{D6615A1D-5B39-44AD-8E09-7197E83D9981}"
	ProjectSection(ProjectDependencies) = postProject
		{934AECC1-D442-4072-84E7-96D654E933A9} = {934AECC1-D442-4072-84E7-96D654E933A9}
	EndProjectSection
EndProject
Project("{8BC9CEB8-8B4A-11D0-8D11-00A0C91BC942}") = "DummyClient", "DummyClient\DummyClient.vcxproj", "{4EDBFF77-C21E-4D05-BC6A-400B1D70E934}"
EndProject
Project("{8BC9CEB8-8B4A-11D0-8D11-00A0C91BC942}") = "ServerCore", "ServerCore\ServerCore.vcxproj", "{934AECC1-D442-4072-84E7-96D654E933A9}"
EndProject
Project("{2150E333-8FDC-42A3-9474-1A3956D46DE8}") = "Tools", "Tools", "{EF0A1849-18A8-4986-B42C-69527AB6C1EA}"
EndProject
Project("{888888A0-9F3D-457C-B088-3A5042F75D52}") = "PacketGenerator", "Tools\PacketGenerator\PacketGenerator.pyproj", "{3EBD49C4-3A43-4CAF-AB7E-B144CDF28710}"
EndProject
Global
	GlobalSection(SolutionConfigurationPlatforms) = preSolution
		Debug|Any CPU = Debug|Any CPU
		Debug|x64 = Debug|x64
		Debug|x86 = Debug|x86
		Release|Any CPU = Release|Any CPU
		Release|x64 = Release|x64
		Release|x86 = Release|x86
	EndGlobalSection
	GlobalSection(ProjectConfigurationPlatforms) = postSolution
		{D6615A1D-5B39-44AD-8E09-7197E83D9981}.Debug|Any CPU.ActiveCfg = Debug|x64
		{D6615A1D-5B39-44AD-8E09-7197E83D9981}.Debug|Any CPU.Build.0 = Debug|x64
		{D6615A1D-5B39-44AD-8E09-7197E83D9981}.Debug|x64.ActiveCfg = Debug|x64
		{D6615A1D-5B39-44AD-8E09-7197E83D9981}.Debug|x64.Build.0 = Debug|x64
		{D6615A1D-5B39-44AD-8E09-7197E83D9981}.Debug|x86.ActiveCfg = Debug|Win32
		{D6615A1D-5B39-44AD-8E09-7197E83D9981}.Debug|x86.Build.0 = Debug|Win32
		{D6615A1D-5B39-44AD-8E09-7197E83D9981}.Release|Any CPU.ActiveCfg = Release|x64
		{D6615A1D-5B39-44AD-8E09-7197E83D9981}.Release|Any CPU.Build.0 = Release|x64
		{D6615A1D-5B39-44AD-8E09-7197E83D9981}.Release|x64.ActiveCfg = Release|x64
		{D6615A1D-5B39-44AD-8E09-7197E83D9981}.Release|x64.Build.0 = Release|x64
		{D6615A1D-5B39-44AD-8E09-7197E83D9981}.Release|x86.ActiveCfg = Release|Win32
		{D6615A1D-5B39-44AD-8E09-7197E83D9981}.Release|x86.Build.0 = Release|Win32
		{4EDBFF77-C21E-4D05-BC6A-400B1D70E934}.Debug|Any CPU.ActiveCfg = Debug|x64
		{4EDBFF77-C21E-4D05-BC6A-400B1D70E934}.Debug|Any CPU.Build.0 = Debug|x64
		{4EDBFF77-C21E-4D05-BC6A-400B1D70E934}.Debug|x64.ActiveCfg = Debug|x64
		{4EDBFF77-C21E-4D05-BC6A-400B1D70E934}.Debug|x64.Build.0 = Debug|x64
		{4EDBFF77-C21E-4D05-BC6A-400B1D70E934}.Debug|x86.ActiveCfg = Debug|Win32
		{4EDBFF77-C21E-4D05-BC6A-400B1D70E934}.Debug|x86.Build.0 = Debug|Win32
		{4EDBFF77-C21E-4D05-BC6A-400B1D70E934}.Release|Any CPU.ActiveCfg = Release|x64
		{4EDBFF77-C21E-4D05-BC6A-400B1D70E934}.Release|Any CPU.Build.0 = Release|x64
		{4EDBFF77-C21E-4D05-BC6A-400B1D70E934}.Release|x64.ActiveCfg = Release|x64
		{4EDBFF77-C21E-4D05-BC6A-400B1D70E934}.Release|x64.Build.0 = Release|x64
		{4EDBFF77-C21E-4D05-BC6A-400B1D70E934}.Release|x86.ActiveCfg = Release|Win32
		{4EDBFF77-C21E-4D05-BC6A-400B1D70E934}.Release|x86.Build.0 = Release|Win32
		{934AECC1-D442-4072-84E7-96D654E933A9}.Debug|Any CPU.ActiveCfg = Debug|x64
		{934AECC1-D442-4072-84E7-96D654E933A9}.Debug|Any CPU.Build.0 = Debug|x64
		{934AECC1-D442-4072-84E7-96D654E933A9}.Debug|x64.ActiveCfg = Debug|x64
		{934AECC1-D442-4072-84E7-96D654E933A9}.Debug|x64.Build.0 = Debug|x64
		{934AECC1-D442-4072-84E7-96D654E933A9}.Debug|x86.ActiveCfg = Debug|Win32
		{934AECC1-D442-4072-84E7-96D654E933A9}.Debug|x86.Build.0 = Debug|Win32
		{934AECC1-D442-4072-84E7-96D654E933A9}.Release|Any CPU.ActiveCfg = Release|x64
		{934AECC1-D442-4072-84E7-96D654E933A9}.Release|Any CPU.Build.0 = Release|x64
		{934AECC1-D442-4072-84E7-96D654E933A9}.Release|x64.ActiveCfg = Release|x64
		{934AECC1-D442-4072-84E7-96D654E933A9}.Release|x64.Build.0 = Release|x64
		{934AECC1-D442-4072-84E7-96D654E933A9}.Release|x86.ActiveCfg = Release|Win32
		{934AECC1-D442-4072-84E7-96D654E933A9}.Release|x86.Build.0 = Release|Win32
		{3EBD49C4-3A43-4CAF-AB7E-B144CDF28710}.Debug|Any CPU.ActiveCfg = Debug|Any CPU
		{3EBD49C4-3A43-4CAF-AB7E-B144CDF28710}.Debug|x64.ActiveCfg = Debug|Any CPU
		{3EBD49C4-3A43-4CAF-AB7E-B144CDF28710}.Debug|x86.ActiveCfg = Debug|Any CPU
		{3EBD49C4-3A43-4CAF-AB7E-B144CDF28710}.Release|Any CPU.ActiveCfg = Release|Any CPU
		{3EBD49C4-3A43-4CAF-AB7E-B144CDF28710}.Release|x64.ActiveCfg = Release|Any CPU
		{3EBD49C4-3A43-4CAF-AB7E-B144CDF28710}.Release|x86.ActiveCfg = Release|Any CPU
	EndGlobalSection
	GlobalSection(SolutionProperties) = preSolution
		HideSolutionNode = FALSE
	EndGlobalSection
	GlobalSection(NestedProjects) = preSolution
		{3EBD49C4-3A43-4CAF-AB7E-B144CDF28710} = {EF0A1849-18A8-4986-B42C-69527AB6C1EA}
	EndGlobalSection
	GlobalSection(ExtensibilityGlobals) = postSolution
		SolutionGuid = {10C7FFA4-BE50-42C6-B72B-F9FC2865175E}
	EndGlobalSection
EndGlobal
